// !$*UTF8*$!
{
	archiveVersion = 1;
	classes = {
	};
	objectVersion = 48;
	objects = {

/* Begin PBXBuildFile section */
		FC04D3671FBAFD7400E1D939 /* AppDelegate.swift in Sources */ = {isa = PBXBuildFile; fileRef = FC04D3661FBAFD7400E1D939 /* AppDelegate.swift */; };
		FC04D3691FBAFD7400E1D939 /* ViewController.swift in Sources */ = {isa = PBXBuildFile; fileRef = FC04D3681FBAFD7400E1D939 /* ViewController.swift */; };
		FC04D36C1FBAFD7400E1D939 /* Main.storyboard in Resources */ = {isa = PBXBuildFile; fileRef = FC04D36A1FBAFD7400E1D939 /* Main.storyboard */; };
		FC04D36E1FBAFD7400E1D939 /* Assets.xcassets in Resources */ = {isa = PBXBuildFile; fileRef = FC04D36D1FBAFD7400E1D939 /* Assets.xcassets */; };
		FC04D3711FBAFD7400E1D939 /* LaunchScreen.storyboard in Resources */ = {isa = PBXBuildFile; fileRef = FC04D36F1FBAFD7400E1D939 /* LaunchScreen.storyboard */; };
		FC04D3791FBB01CF00E1D939 /* MapAlertViewController.swift in Sources */ = {isa = PBXBuildFile; fileRef = FC04D3781FBB01CF00E1D939 /* MapAlertViewController.swift */; };
		FC04D37B1FBB065E00E1D939 /* MapKitViewController.swift in Sources */ = {isa = PBXBuildFile; fileRef = FC04D37A1FBB065E00E1D939 /* MapKitViewController.swift */; };
		FC04D37F1FBB0AF800E1D939 /* note.png in Resources */ = {isa = PBXBuildFile; fileRef = FC04D37D1FBB0AF800E1D939 /* note.png */; };
		FC04D3801FBB0AF800E1D939 /* rating5@2x.png in Resources */ = {isa = PBXBuildFile; fileRef = FC04D37E1FBB0AF800E1D939 /* rating5@2x.png */; };
		FC04D3821FBB0B4A00E1D939 /* ImageViewController.swift in Sources */ = {isa = PBXBuildFile; fileRef = FC04D3811FBB0B4A00E1D939 /* ImageViewController.swift */; };
		FC04D3851FBB0DB100E1D939 /* ControlViewController.swift in Sources */ = {isa = PBXBuildFile; fileRef = FC04D3841FBB0DB100E1D939 /* ControlViewController.swift */; };
		FC22339C1FBB11EB00BC0090 /* ListViewController.swift in Sources */ = {isa = PBXBuildFile; fileRef = FC22339B1FBB11EB00BC0090 /* ListViewController.swift */; };
/* End PBXBuildFile section */

/* Begin PBXFileReference section */
		FC04D3631FBAFD7300E1D939 /* Chapter03-Alert.app */ = {isa = PBXFileReference; explicitFileType = wrapper.application; includeInIndex = 0; path = "Chapter03-Alert.app"; sourceTree = BUILT_PRODUCTS_DIR; };
		FC04D3661FBAFD7400E1D939 /* AppDelegate.swift */ = {isa = PBXFileReference; lastKnownFileType = sourcecode.swift; path = AppDelegate.swift; sourceTree = "<group>"; };
		FC04D3681FBAFD7400E1D939 /* ViewController.swift */ = {isa = PBXFileReference; lastKnownFileType = sourcecode.swift; path = ViewController.swift; sourceTree = "<group>"; };
		FC04D36B1FBAFD7400E1D939 /* Base */ = {isa = PBXFileReference; lastKnownFileType = file.storyboard; name = Base; path = Base.lproj/Main.storyboard; sourceTree = "<group>"; };
		FC04D36D1FBAFD7400E1D939 /* Assets.xcassets */ = {isa = PBXFileReference; lastKnownFileType = folder.assetcatalog; path = Assets.xcassets; sourceTree = "<group>"; };
		FC04D3701FBAFD7400E1D939 /* Base */ = {isa = PBXFileReference; lastKnownFileType = file.storyboard; name = Base; path = Base.lproj/LaunchScreen.storyboard; sourceTree = "<group>"; };
		FC04D3721FBAFD7400E1D939 /* Info.plist */ = {isa = PBXFileReference; lastKnownFileType = text.plist.xml; path = Info.plist; sourceTree = "<group>"; };
		FC04D3781FBB01CF00E1D939 /* MapAlertViewController.swift */ = {isa = PBXFileReference; lastKnownFileType = sourcecode.swift; path = MapAlertViewController.swift; sourceTree = "<group>"; };
		FC04D37A1FBB065E00E1D939 /* MapKitViewController.swift */ = {isa = PBXFileReference; lastKnownFileType = sourcecode.swift; path = MapKitViewController.swift; sourceTree = "<group>"; };
		FC04D37D1FBB0AF800E1D939 /* note.png */ = {isa = PBXFileReference; lastKnownFileType = image.png; path = note.png; sourceTree = "<group>"; };
		FC04D37E1FBB0AF800E1D939 /* rating5@2x.png */ = {isa = PBXFileReference; lastKnownFileType = image.png; path = "rating5@2x.png"; sourceTree = "<group>"; };
		FC04D3811FBB0B4A00E1D939 /* ImageViewController.swift */ = {isa = PBXFileReference; lastKnownFileType = sourcecode.swift; path = ImageViewController.swift; sourceTree = "<group>"; };
		FC04D3841FBB0DB100E1D939 /* ControlViewController.swift */ = {isa = PBXFileReference; lastKnownFileType = sourcecode.swift; path = ControlViewController.swift; sourceTree = "<group>"; };
		FC22339B1FBB11EB00BC0090 /* ListViewController.swift */ = {isa = PBXFileReference; lastKnownFileType = sourcecode.swift; path = ListViewController.swift; sourceTree = "<group>"; };
/* End PBXFileReference section */

/* Begin PBXFrameworksBuildPhase section */
		FC04D3601FBAFD7300E1D939 /* Frameworks */ = {
			isa = PBXFrameworksBuildPhase;
			buildActionMask = 2147483647;
			files = (
			);
			runOnlyForDeploymentPostprocessing = 0;
		};
/* End PBXFrameworksBuildPhase section */

/* Begin PBXGroup section */
		FC04D35A1FBAFD7300E1D939 = {
			isa = PBXGroup;
			children = (
				FC04D3651FBAFD7300E1D939 /* Chapter03-Alert */,
				FC04D3641FBAFD7300E1D939 /* Products */,
			);
			sourceTree = "<group>";
		};
		FC04D3641FBAFD7300E1D939 /* Products */ = {
			isa = PBXGroup;
			children = (
				FC04D3631FBAFD7300E1D939 /* Chapter03-Alert.app */,
			);
			name = Products;
			sourceTree = "<group>";
		};
		FC04D3651FBAFD7300E1D939 /* Chapter03-Alert */ = {
			isa = PBXGroup;
			children = (
				FC04D3831FBB0D9500E1D939 /* Controll */,
				FC04D37C1FBB0AB600E1D939 /* Resource */,
				FC04D3661FBAFD7400E1D939 /* AppDelegate.swift */,
				FC04D36A1FBAFD7400E1D939 /* Main.storyboard */,
				FC04D36D1FBAFD7400E1D939 /* Assets.xcassets */,
				FC04D36F1FBAFD7400E1D939 /* LaunchScreen.storyboard */,
				FC04D3721FBAFD7400E1D939 /* Info.plist */,
			);
			path = "Chapter03-Alert";
			sourceTree = "<group>";
		};
		FC04D37C1FBB0AB600E1D939 /* Resource */ = {
			isa = PBXGroup;
			children = (
				FC04D37D1FBB0AF800E1D939 /* note.png */,
				FC04D37E1FBB0AF800E1D939 /* rating5@2x.png */,
			);
			path = Resource;
			sourceTree = "<group>";
		};
		FC04D3831FBB0D9500E1D939 /* Controll */ = {
			isa = PBXGroup;
			children = (
				FC04D3681FBAFD7400E1D939 /* ViewController.swift */,
				FC04D3781FBB01CF00E1D939 /* MapAlertViewController.swift */,
				FC04D37A1FBB065E00E1D939 /* MapKitViewController.swift */,
				FC04D3811FBB0B4A00E1D939 /* ImageViewController.swift */,
				FC04D3841FBB0DB100E1D939 /* ControlViewController.swift */,
				FC22339B1FBB11EB00BC0090 /* ListViewController.swift */,
			);
			path = Controll;
			sourceTree = "<group>";
		};
/* End PBXGroup section */

/* Begin PBXNativeTarget section */
		FC04D3621FBAFD7300E1D939 /* Chapter03-Alert */ = {
			isa = PBXNativeTarget;
			buildConfigurationList = FC04D3751FBAFD7400E1D939 /* Build configuration list for PBXNativeTarget "Chapter03-Alert" */;
			buildPhases = (
				FC04D35F1FBAFD7300E1D939 /* Sources */,
				FC04D3601FBAFD7300E1D939 /* Frameworks */,
				FC04D3611FBAFD7300E1D939 /* Resources */,
			);
			buildRules = (
			);
			dependencies = (
			);
			name = "Chapter03-Alert";
			productName = "Chapter03-Alert";
			productReference = FC04D3631FBAFD7300E1D939 /* Chapter03-Alert.app */;
			productType = "com.apple.product-type.application";
		};
/* End PBXNativeTarget section */

/* Begin PBXProject section */
		FC04D35B1FBAFD7300E1D939 /* Project object */ = {
			isa = PBXProject;
			attributes = {
				LastSwiftUpdateCheck = 0910;
				LastUpgradeCheck = 0910;
				ORGANIZATIONNAME = "Samuel K";
				TargetAttributes = {
					FC04D3621FBAFD7300E1D939 = {
						CreatedOnToolsVersion = 9.1;
						ProvisioningStyle = Automatic;
					};
				};
			};
			buildConfigurationList = FC04D35E1FBAFD7300E1D939 /* Build configuration list for PBXProject "Chapter03-Alert" */;
			compatibilityVersion = "Xcode 8.0";
			developmentRegion = en;
			hasScannedForEncodings = 0;
			knownRegions = (
				en,
				Base,
			);
			mainGroup = FC04D35A1FBAFD7300E1D939;
			productRefGroup = FC04D3641FBAFD7300E1D939 /* Products */;
			projectDirPath = "";
			projectRoot = "";
			targets = (
				FC04D3621FBAFD7300E1D939 /* Chapter03-Alert */,
			);
		};
/* End PBXProject section */

/* Begin PBXResourcesBuildPhase section */
		FC04D3611FBAFD7300E1D939 /* Resources */ = {
			isa = PBXResourcesBuildPhase;
			buildActionMask = 2147483647;
			files = (
				FC04D3801FBB0AF800E1D939 /* rating5@2x.png in Resources */,
				FC04D3711FBAFD7400E1D939 /* LaunchScreen.storyboard in Resources */,
				FC04D37F1FBB0AF800E1D939 /* note.png in Resources */,
				FC04D36E1FBAFD7400E1D939 /* Assets.xcassets in Resources */,
				FC04D36C1FBAFD7400E1D939 /* Main.storyboard in Resources */,
			);
			runOnlyForDeploymentPostprocessing = 0;
		};
/* End PBXResourcesBuildPhase section */

/* Begin PBXSourcesBuildPhase section */
		FC04D35F1FBAFD7300E1D939 /* Sources */ = {
			isa = PBXSourcesBuildPhase;
			buildActionMask = 2147483647;
			files = (
				FC04D3691FBAFD7400E1D939 /* ViewController.swift in Sources */,
				FC04D3671FBAFD7400E1D939 /* AppDelegate.swift in Sources */,
				FC04D3821FBB0B4A00E1D939 /* ImageViewController.swift in Sources */,
				FC04D37B1FBB065E00E1D939 /* MapKitViewController.swift in Sources */,
				FC04D3851FBB0DB100E1D939 /* ControlViewController.swift in Sources */,
				FC04D3791FBB01CF00E1D939 /* MapAlertViewController.swift in Sources */,
				FC22339C1FBB11EB00BC0090 /* ListViewController.swift in Sources */,
			);
			runOnlyForDeploymentPostprocessing = 0;
		};
/* End PBXSourcesBuildPhase section */

/* Begin PBXVariantGroup section */
		FC04D36A1FBAFD7400E1D939 /* Main.storyboard */ = {
			isa = PBXVariantGroup;
			children = (
				FC04D36B1FBAFD7400E1D939 /* Base */,
			);
			name = Main.storyboard;
			sourceTree = "<group>";
		};
		FC04D36F1FBAFD7400E1D939 /* LaunchScreen.storyboard */ = {
			isa = PBXVariantGroup;
			children = (
				FC04D3701FBAFD7400E1D939 /* Base */,
			);
			name = LaunchScreen.storyboard;
			sourceTree = "<group>";
		};
/* End PBXVariantGroup section */

/* Begin XCBuildConfiguration section */
		FC04D3731FBAFD7400E1D939 /* Debug */ = {
			isa = XCBuildConfiguration;
			buildSettings = {
				ALWAYS_SEARCH_USER_PATHS = NO;
				CLANG_ANALYZER_NONNULL = YES;
				CLANG_ANALYZER_NUMBER_OBJECT_CONVERSION = YES_AGGRESSIVE;
				CLANG_CXX_LANGUAGE_STANDARD = "gnu++14";
				CLANG_CXX_LIBRARY = "libc++";
				CLANG_ENABLE_MODULES = YES;
				CLANG_ENABLE_OBJC_ARC = YES;
				CLANG_WARN_BLOCK_CAPTURE_AUTORELEASING = YES;
				CLANG_WARN_BOOL_CONVERSION = YES;
				CLANG_WARN_COMMA = YES;
				CLANG_WARN_CONSTANT_CONVERSION = YES;
				CLANG_WARN_DIRECT_OBJC_ISA_USAGE = YES_ERROR;
				CLANG_WARN_DOCUMENTATION_COMMENTS = YES;
				CLANG_WARN_EMPTY_BODY = YES;
				CLANG_WARN_ENUM_CONVERSION = YES;
				CLANG_WARN_INFINITE_RECURSION = YES;
				CLANG_WARN_INT_CONVERSION = YES;
				CLANG_WARN_NON_LITERAL_NULL_CONVERSION = YES;
				CLANG_WARN_OBJC_LITERAL_CONVERSION = YES;
				CLANG_WARN_OBJC_ROOT_CLASS = YES_ERROR;
				CLANG_WARN_RANGE_LOOP_ANALYSIS = YES;
				CLANG_WARN_STRICT_PROTOTYPES = YES;
				CLANG_WARN_SUSPICIOUS_MOVE = YES;
				CLANG_WARN_UNGUARDED_AVAILABILITY = YES_AGGRESSIVE;
				CLANG_WARN_UNREACHABLE_CODE = YES;
				CLANG_WARN__DUPLICATE_METHOD_MATCH = YES;
				CODE_SIGN_IDENTITY = "iPhone Developer";
				COPY_PHASE_STRIP = NO;
				DEBUG_INFORMATION_FORMAT = dwarf;
				ENABLE_STRICT_OBJC_MSGSEND = YES;
				ENABLE_TESTABILITY = YES;
				GCC_C_LANGUAGE_STANDARD = gnu11;
				GCC_DYNAMIC_NO_PIC = NO;
				GCC_NO_COMMON_BLOCKS = YES;
				GCC_OPTIMIZATION_LEVEL = 0;
				GCC_PREPROCESSOR_DEFINITIONS = (
					"DEBUG=1",
					"$(inherited)",
				);
				GCC_WARN_64_TO_32_BIT_CONVERSION = YES;
				GCC_WARN_ABOUT_RETURN_TYPE = YES_ERROR;
				GCC_WARN_UNDECLARED_SELECTOR = YES;
				GCC_WARN_UNINITIALIZED_AUTOS = YES_AGGRESSIVE;
				GCC_WARN_UNUSED_FUNCTION = YES;
				GCC_WARN_UNUSED_VARIABLE = YES;
				IPHONEOS_DEPLOYMENT_TARGET = 11.1;
				MTL_ENABLE_DEBUG_INFO = YES;
				ONLY_ACTIVE_ARCH = YES;
				SDKROOT = iphoneos;
				SWIFT_ACTIVE_COMPILATION_CONDITIONS = DEBUG;
				SWIFT_OPTIMIZATION_LEVEL = "-Onone";
			};
			name = Debug;
		};
		FC04D3741FBAFD7400E1D939 /* Release */ = {
			isa = XCBuildConfiguration;
			buildSettings = {
				ALWAYS_SEARCH_USER_PATHS = NO;
				CLANG_ANALYZER_NONNULL = YES;
				CLANG_ANALYZER_NUMBER_OBJECT_CONVERSION = YES_AGGRESSIVE;
				CLANG_CXX_LANGUAGE_STANDARD = "gnu++14";
				CLANG_CXX_LIBRARY = "libc++";
				CLANG_ENABLE_MODULES = YES;
				CLANG_ENABLE_OBJC_ARC = YES;
				CLANG_WARN_BLOCK_CAPTURE_AUTORELEASING = YES;
				CLANG_WARN_BOOL_CONVERSION = YES;
				CLANG_WARN_COMMA = YES;
				CLANG_WARN_CONSTANT_CONVERSION = YES;
				CLANG_WARN_DIRECT_OBJC_ISA_USAGE = YES_ERROR;
				CLANG_WARN_DOCUMENTATION_COMMENTS = YES;
				CLANG_WARN_EMPTY_BODY = YES;
				CLANG_WARN_ENUM_CONVERSION = YES;
				CLANG_WARN_INFINITE_RECURSION = YES;
				CLANG_WARN_INT_CONVERSION = YES;
				CLANG_WARN_NON_LITERAL_NULL_CONVERSION = YES;
				CLANG_WARN_OBJC_LITERAL_CONVERSION = YES;
				CLANG_WARN_OBJC_ROOT_CLASS = YES_ERROR;
				CLANG_WARN_RANGE_LOOP_ANALYSIS = YES;
				CLANG_WARN_STRICT_PROTOTYPES = YES;
				CLANG_WARN_SUSPICIOUS_MOVE = YES;
				CLANG_WARN_UNGUARDED_AVAILABILITY = YES_AGGRESSIVE;
				CLANG_WARN_UNREACHABLE_CODE = YES;
				CLANG_WARN__DUPLICATE_METHOD_MATCH = YES;
				CODE_SIGN_IDENTITY = "iPhone Developer";
				COPY_PHASE_STRIP = NO;
				DEBUG_INFORMATION_FORMAT = "dwarf-with-dsym";
				ENABLE_NS_ASSERTIONS = NO;
				ENABLE_STRICT_OBJC_MSGSEND = YES;
				GCC_C_LANGUAGE_STANDARD = gnu11;
				GCC_NO_COMMON_BLOCKS = YES;
				GCC_WARN_64_TO_32_BIT_CONVERSION = YES;
				GCC_WARN_ABOUT_RETURN_TYPE = YES_ERROR;
				GCC_WARN_UNDECLARED_SELECTOR = YES;
				GCC_WARN_UNINITIALIZED_AUTOS = YES_AGGRESSIVE;
				GCC_WARN_UNUSED_FUNCTION = YES;
				GCC_WARN_UNUSED_VARIABLE = YES;
				IPHONEOS_DEPLOYMENT_TARGET = 11.1;
				MTL_ENABLE_DEBUG_INFO = NO;
				SDKROOT = iphoneos;
				SWIFT_OPTIMIZATION_LEVEL = "-Owholemodule";
				VALIDATE_PRODUCT = YES;
			};
			name = Release;
		};
		FC04D3761FBAFD7400E1D939 /* Debug */ = {
			isa = XCBuildConfiguration;
			buildSettings = {
				ASSETCATALOG_COMPILER_APPICON_NAME = AppIcon;
				CODE_SIGN_STYLE = Automatic;
				DEVELOPMENT_TEAM = G4MM77V7NH;
				INFOPLIST_FILE = "Chapter03-Alert/Info.plist";
				LD_RUNPATH_SEARCH_PATHS = "$(inherited) @executable_path/Frameworks";
				PRODUCT_BUNDLE_IDENTIFIER = "com.SamuelK.Chapter03-Alert";
				PRODUCT_NAME = "$(TARGET_NAME)";
				SWIFT_VERSION = 4.0;
				TARGETED_DEVICE_FAMILY = "1,2";
			};
			name = Debug;
		};
		FC04D3771FBAFD7400E1D939 /* Release */ = {
			isa = XCBuildConfiguration;
			buildSettings = {
				ASSETCATALOG_COMPILER_APPICON_NAME = AppIcon;
				CODE_SIGN_STYLE = Automatic;
				DEVELOPMENT_TEAM = G4MM77V7NH;
				INFOPLIST_FILE = "Chapter03-Alert/Info.plist";
				LD_RUNPATH_SEARCH_PATHS = "$(inherited) @executable_path/Frameworks";
				PRODUCT_BUNDLE_IDENTIFIER = "com.SamuelK.Chapter03-Alert";
				PRODUCT_NAME = "$(TARGET_NAME)";
				SWIFT_VERSION = 4.0;
				TARGETED_DEVICE_FAMILY = "1,2";
			};
			name = Release;
		};
/* End XCBuildConfiguration section */

/* Begin XCConfigurationList section */
		FC04D35E1FBAFD7300E1D939 /* Build configuration list for PBXProject "Chapter03-Alert" */ = {
			isa = XCConfigurationList;
			buildConfigurations = (
				FC04D3731FBAFD7400E1D939 /* Debug */,
				FC04D3741FBAFD7400E1D939 /* Release */,
			);
			defaultConfigurationIsVisible = 0;
			defaultConfigurationName = Release;
		};
		FC04D3751FBAFD7400E1D939 /* Build configuration list for PBXNativeTarget "Chapter03-Alert" */ = {
			isa = XCConfigurationList;
			buildConfigurations = (
				FC04D3761FBAFD7400E1D939 /* Debug */,
				FC04D3771FBAFD7400E1D939 /* Release */,
			);
			defaultConfigurationIsVisible = 0;
			defaultConfigurationName = Release;
		};
/* End XCConfigurationList section */
	};
	rootObject = FC04D35B1FBAFD7300E1D939 /* Project object */;
}
