// !$*UTF8*$!
{
	archiveVersion = 1;
	classes = {
	};
	objectVersion = 48;
	objects = {

/* Begin PBXBuildFile section */
		5B804977DD1E1C503DED2A3F /* Pods_MyMemory.framework in Frameworks */ = {isa = PBXBuildFile; fileRef = DCEA17C1A399AC85EBF012F8 /* Pods_MyMemory.framework */; };
		FC213E0E20565CAB00D1946F /* MemoDAO.swift in Sources */ = {isa = PBXBuildFile; fileRef = FC213E0D20565CAB00D1946F /* MemoDAO.swift */; };
		FC4A9BE7203E866F0014F515 /* CSLogButton.swift in Sources */ = {isa = PBXBuildFile; fileRef = FC4A9BE6203E866F0014F515 /* CSLogButton.swift */; };
		FC4A9C4A203FCE800014F515 /* SWRevealViewController.m in Sources */ = {isa = PBXBuildFile; fileRef = FC4A9C49203FCE800014F515 /* SWRevealViewController.m */; };
		FC4A9C54203FCF270014F515 /* icon01.png in Resources */ = {isa = PBXBuildFile; fileRef = FC4A9C4B203FCF260014F515 /* icon01.png */; };
		FC4A9C55203FCF270014F515 /* sidemenu.png in Resources */ = {isa = PBXBuildFile; fileRef = FC4A9C4C203FCF260014F515 /* sidemenu.png */; };
		FC4A9C56203FCF270014F515 /* icon03.png in Resources */ = {isa = PBXBuildFile; fileRef = FC4A9C4D203FCF260014F515 /* icon03.png */; };
		FC4A9C57203FCF270014F515 /* icon06.png in Resources */ = {isa = PBXBuildFile; fileRef = FC4A9C4E203FCF260014F515 /* icon06.png */; };
		FC4A9C58203FCF270014F515 /* profile-bg.png in Resources */ = {isa = PBXBuildFile; fileRef = FC4A9C4F203FCF260014F515 /* profile-bg.png */; };
		FC4A9C59203FCF270014F515 /* account@2x.jpg in Resources */ = {isa = PBXBuildFile; fileRef = FC4A9C50203FCF270014F515 /* account@2x.jpg */; };
		FC4A9C5A203FCF270014F515 /* icon02.png in Resources */ = {isa = PBXBuildFile; fileRef = FC4A9C51203FCF270014F515 /* icon02.png */; };
		FC4A9C5B203FCF270014F515 /* icon04.png in Resources */ = {isa = PBXBuildFile; fileRef = FC4A9C52203FCF270014F515 /* icon04.png */; };
		FC4A9C5C203FCF270014F515 /* icon05.png in Resources */ = {isa = PBXBuildFile; fileRef = FC4A9C53203FCF270014F515 /* icon05.png */; };
		FC4A9C5E203FD1FA0014F515 /* SideBarViewController.swift in Sources */ = {isa = PBXBuildFile; fileRef = FC4A9C5D203FD1FA0014F515 /* SideBarViewController.swift */; };
		FC4A9C60203FDA5B0014F515 /* ProfileVC.swift in Sources */ = {isa = PBXBuildFile; fileRef = FC4A9C5F203FDA5B0014F515 /* ProfileVC.swift */; };
		FC745DBB20579F2700741869 /* JoinVC.swift in Sources */ = {isa = PBXBuildFile; fileRef = FC745DBA20579F2700741869 /* JoinVC.swift */; };
		FC9B40F01FA5CE28004A613D /* AppDelegate.swift in Sources */ = {isa = PBXBuildFile; fileRef = FC9B40EF1FA5CE28004A613D /* AppDelegate.swift */; };
		FC9B40F51FA5CE28004A613D /* Main.storyboard in Resources */ = {isa = PBXBuildFile; fileRef = FC9B40F31FA5CE28004A613D /* Main.storyboard */; };
		FC9B40F81FA5CE28004A613D /* MyMemory.xcdatamodeld in Sources */ = {isa = PBXBuildFile; fileRef = FC9B40F61FA5CE28004A613D /* MyMemory.xcdatamodeld */; };
		FC9B40FA1FA5CE28004A613D /* Assets.xcassets in Resources */ = {isa = PBXBuildFile; fileRef = FC9B40F91FA5CE28004A613D /* Assets.xcassets */; };
		FC9B40FD1FA5CE28004A613D /* LaunchScreen.storyboard in Resources */ = {isa = PBXBuildFile; fileRef = FC9B40FB1FA5CE28004A613D /* LaunchScreen.storyboard */; };
		FCC84DE5205BA11300144E0F /* DataSync.swift in Sources */ = {isa = PBXBuildFile; fileRef = FCC84DE4205BA11300144E0F /* DataSync.swift */; };
		FCC866A11FA739A60093AB03 /* MemoListVC.swift in Sources */ = {isa = PBXBuildFile; fileRef = FCC866A01FA739A60093AB03 /* MemoListVC.swift */; };
		FCC866A31FA739CF0093AB03 /* MemoFormVC.swift in Sources */ = {isa = PBXBuildFile; fileRef = FCC866A21FA739CF0093AB03 /* MemoFormVC.swift */; };
		FCC866A51FA739DD0093AB03 /* MemoReadVC.swift in Sources */ = {isa = PBXBuildFile; fileRef = FCC866A41FA739DD0093AB03 /* MemoReadVC.swift */; };
		FCC866A71FA73A320093AB03 /* MemoCell.swift in Sources */ = {isa = PBXBuildFile; fileRef = FCC866A61FA73A320093AB03 /* MemoCell.swift */; };
		FCC866A91FA73AAE0093AB03 /* MemoData.swift in Sources */ = {isa = PBXBuildFile; fileRef = FCC866A81FA73AAE0093AB03 /* MemoData.swift */; };
		FCC866B21FA753D00093AB03 /* fountainpen@2x.png in Resources */ = {isa = PBXBuildFile; fileRef = FCC866B11FA753CF0093AB03 /* fountainpen@2x.png */; };
		FCEC0BA0204D349C000DC226 /* UserInfoKey.swift in Sources */ = {isa = PBXBuildFile; fileRef = FCEC0B9F204D349C000DC226 /* UserInfoKey.swift */; };
		FCF7737C204D4DE500CF15A8 /* Tutorial.storyboard in Resources */ = {isa = PBXBuildFile; fileRef = FCF7737B204D4DE500CF15A8 /* Tutorial.storyboard */; };
		FCF7737E204E296200CF15A8 /* Utils.swift in Sources */ = {isa = PBXBuildFile; fileRef = FCF7737D204E296200CF15A8 /* Utils.swift */; };
		FCF77380204E2A6800CF15A8 /* TutorialContentsVC.swift in Sources */ = {isa = PBXBuildFile; fileRef = FCF7737F204E2A6800CF15A8 /* TutorialContentsVC.swift */; };
		FCF77383204E3A9E00CF15A8 /* TutorialMasterVC.swift in Sources */ = {isa = PBXBuildFile; fileRef = FCF77382204E3A9E00CF15A8 /* TutorialMasterVC.swift */; };
/* End PBXBuildFile section */

/* Begin PBXFileReference section */
		28044732827D652DC7E06256 /* Pods-MyMemory.debug.xcconfig */ = {isa = PBXFileReference; includeInIndex = 1; lastKnownFileType = text.xcconfig; name = "Pods-MyMemory.debug.xcconfig"; path = "Pods/Target Support Files/Pods-MyMemory/Pods-MyMemory.debug.xcconfig"; sourceTree = "<group>"; };
		D7B76E49B13A38047DBD2005 /* Pods-MyMemory.release.xcconfig */ = {isa = PBXFileReference; includeInIndex = 1; lastKnownFileType = text.xcconfig; name = "Pods-MyMemory.release.xcconfig"; path = "Pods/Target Support Files/Pods-MyMemory/Pods-MyMemory.release.xcconfig"; sourceTree = "<group>"; };
		DCEA17C1A399AC85EBF012F8 /* Pods_MyMemory.framework */ = {isa = PBXFileReference; explicitFileType = wrapper.framework; includeInIndex = 0; path = Pods_MyMemory.framework; sourceTree = BUILT_PRODUCTS_DIR; };
		FC213E0D20565CAB00D1946F /* MemoDAO.swift */ = {isa = PBXFileReference; lastKnownFileType = sourcecode.swift; path = MemoDAO.swift; sourceTree = "<group>"; };
		FC4A9BE6203E866F0014F515 /* CSLogButton.swift */ = {isa = PBXFileReference; lastKnownFileType = sourcecode.swift; path = CSLogButton.swift; sourceTree = "<group>"; };
		FC4A9C47203FCE7F0014F515 /* MyMemory-Bridging-Header.h */ = {isa = PBXFileReference; lastKnownFileType = sourcecode.c.h; path = "MyMemory-Bridging-Header.h"; sourceTree = "<group>"; };
		FC4A9C48203FCE800014F515 /* SWRevealViewController.h */ = {isa = PBXFileReference; fileEncoding = 4; lastKnownFileType = sourcecode.c.h; name = SWRevealViewController.h; path = "../../../Chapter04-SideBar/Chapter04-SideBar/SWRevealViewController.h"; sourceTree = "<group>"; };
		FC4A9C49203FCE800014F515 /* SWRevealViewController.m */ = {isa = PBXFileReference; fileEncoding = 4; lastKnownFileType = sourcecode.c.objc; name = SWRevealViewController.m; path = "../../../Chapter04-SideBar/Chapter04-SideBar/SWRevealViewController.m"; sourceTree = "<group>"; };
		FC4A9C4B203FCF260014F515 /* icon01.png */ = {isa = PBXFileReference; lastKnownFileType = image.png; name = icon01.png; path = "../../../Swift-Practice-master/PracticeImage/MyMemory/Chapter04/icon01.png"; sourceTree = "<group>"; };
		FC4A9C4C203FCF260014F515 /* sidemenu.png */ = {isa = PBXFileReference; lastKnownFileType = image.png; name = sidemenu.png; path = "../../../Swift-Practice-master/PracticeImage/MyMemory/Chapter04/sidemenu.png"; sourceTree = "<group>"; };
		FC4A9C4D203FCF260014F515 /* icon03.png */ = {isa = PBXFileReference; lastKnownFileType = image.png; name = icon03.png; path = "../../../Swift-Practice-master/PracticeImage/MyMemory/Chapter04/icon03.png"; sourceTree = "<group>"; };
		FC4A9C4E203FCF260014F515 /* icon06.png */ = {isa = PBXFileReference; lastKnownFileType = image.png; name = icon06.png; path = "../../../Swift-Practice-master/PracticeImage/MyMemory/Chapter04/icon06.png"; sourceTree = "<group>"; };
		FC4A9C4F203FCF260014F515 /* profile-bg.png */ = {isa = PBXFileReference; lastKnownFileType = image.png; name = "profile-bg.png"; path = "../../../Swift-Practice-master/PracticeImage/MyMemory/Chapter04/profile-bg.png"; sourceTree = "<group>"; };
		FC4A9C50203FCF270014F515 /* account@2x.jpg */ = {isa = PBXFileReference; lastKnownFileType = image.jpeg; name = "account@2x.jpg"; path = "../../../Swift-Practice-master/PracticeImage/MyMemory/Chapter04/account@2x.jpg"; sourceTree = "<group>"; };
		FC4A9C51203FCF270014F515 /* icon02.png */ = {isa = PBXFileReference; lastKnownFileType = image.png; name = icon02.png; path = "../../../Swift-Practice-master/PracticeImage/MyMemory/Chapter04/icon02.png"; sourceTree = "<group>"; };
		FC4A9C52203FCF270014F515 /* icon04.png */ = {isa = PBXFileReference; lastKnownFileType = image.png; name = icon04.png; path = "../../../Swift-Practice-master/PracticeImage/MyMemory/Chapter04/icon04.png"; sourceTree = "<group>"; };
		FC4A9C53203FCF270014F515 /* icon05.png */ = {isa = PBXFileReference; lastKnownFileType = image.png; name = icon05.png; path = "../../../Swift-Practice-master/PracticeImage/MyMemory/Chapter04/icon05.png"; sourceTree = "<group>"; };
		FC4A9C5D203FD1FA0014F515 /* SideBarViewController.swift */ = {isa = PBXFileReference; lastKnownFileType = sourcecode.swift; path = SideBarViewController.swift; sourceTree = "<group>"; };
		FC4A9C5F203FDA5B0014F515 /* ProfileVC.swift */ = {isa = PBXFileReference; lastKnownFileType = sourcecode.swift; path = ProfileVC.swift; sourceTree = "<group>"; };
		FC745DBA20579F2700741869 /* JoinVC.swift */ = {isa = PBXFileReference; lastKnownFileType = sourcecode.swift; path = JoinVC.swift; sourceTree = "<group>"; };
		FC9B40EC1FA5CE28004A613D /* MyMemory.app */ = {isa = PBXFileReference; explicitFileType = wrapper.application; includeInIndex = 0; path = MyMemory.app; sourceTree = BUILT_PRODUCTS_DIR; };
		FC9B40EF1FA5CE28004A613D /* AppDelegate.swift */ = {isa = PBXFileReference; lastKnownFileType = sourcecode.swift; path = AppDelegate.swift; sourceTree = "<group>"; };
		FC9B40F41FA5CE28004A613D /* Base */ = {isa = PBXFileReference; lastKnownFileType = file.storyboard; name = Base; path = Base.lproj/Main.storyboard; sourceTree = "<group>"; };
		FC9B40F71FA5CE28004A613D /* MyMemory.xcdatamodel */ = {isa = PBXFileReference; lastKnownFileType = wrapper.xcdatamodel; path = MyMemory.xcdatamodel; sourceTree = "<group>"; };
		FC9B40F91FA5CE28004A613D /* Assets.xcassets */ = {isa = PBXFileReference; lastKnownFileType = folder.assetcatalog; path = Assets.xcassets; sourceTree = "<group>"; };
		FC9B40FC1FA5CE28004A613D /* Base */ = {isa = PBXFileReference; lastKnownFileType = file.storyboard; name = Base; path = Base.lproj/LaunchScreen.storyboard; sourceTree = "<group>"; };
		FC9B40FE1FA5CE28004A613D /* Info.plist */ = {isa = PBXFileReference; lastKnownFileType = text.plist.xml; path = Info.plist; sourceTree = "<group>"; };
		FCC84DE4205BA11300144E0F /* DataSync.swift */ = {isa = PBXFileReference; lastKnownFileType = sourcecode.swift; path = DataSync.swift; sourceTree = "<group>"; };
		FCC866A01FA739A60093AB03 /* MemoListVC.swift */ = {isa = PBXFileReference; lastKnownFileType = sourcecode.swift; path = MemoListVC.swift; sourceTree = "<group>"; };
		FCC866A21FA739CF0093AB03 /* MemoFormVC.swift */ = {isa = PBXFileReference; lastKnownFileType = sourcecode.swift; path = MemoFormVC.swift; sourceTree = "<group>"; };
		FCC866A41FA739DD0093AB03 /* MemoReadVC.swift */ = {isa = PBXFileReference; lastKnownFileType = sourcecode.swift; path = MemoReadVC.swift; sourceTree = "<group>"; };
		FCC866A61FA73A320093AB03 /* MemoCell.swift */ = {isa = PBXFileReference; lastKnownFileType = sourcecode.swift; path = MemoCell.swift; sourceTree = "<group>"; };
		FCC866A81FA73AAE0093AB03 /* MemoData.swift */ = {isa = PBXFileReference; lastKnownFileType = sourcecode.swift; path = MemoData.swift; sourceTree = "<group>"; };
		FCC866B11FA753CF0093AB03 /* fountainpen@2x.png */ = {isa = PBXFileReference; lastKnownFileType = image.png; path = "fountainpen@2x.png"; sourceTree = "<group>"; };
		FCEC0B9F204D349C000DC226 /* UserInfoKey.swift */ = {isa = PBXFileReference; fileEncoding = 4; lastKnownFileType = sourcecode.swift; name = UserInfoKey.swift; path = "../../../Chapter05-CustomPlist/Chapter05-CustomPlist/UserInfoKey.swift"; sourceTree = "<group>"; };
		FCF7737B204D4DE500CF15A8 /* Tutorial.storyboard */ = {isa = PBXFileReference; lastKnownFileType = file.storyboard; path = Tutorial.storyboard; sourceTree = "<group>"; };
		FCF7737D204E296200CF15A8 /* Utils.swift */ = {isa = PBXFileReference; lastKnownFileType = sourcecode.swift; path = Utils.swift; sourceTree = "<group>"; };
		FCF7737F204E2A6800CF15A8 /* TutorialContentsVC.swift */ = {isa = PBXFileReference; lastKnownFileType = sourcecode.swift; path = TutorialContentsVC.swift; sourceTree = "<group>"; };
		FCF77382204E3A9E00CF15A8 /* TutorialMasterVC.swift */ = {isa = PBXFileReference; lastKnownFileType = sourcecode.swift; path = TutorialMasterVC.swift; sourceTree = "<group>"; };
/* End PBXFileReference section */

/* Begin PBXFrameworksBuildPhase section */
		FC9B40E91FA5CE28004A613D /* Frameworks */ = {
			isa = PBXFrameworksBuildPhase;
			buildActionMask = 2147483647;
			files = (
				5B804977DD1E1C503DED2A3F /* Pods_MyMemory.framework in Frameworks */,
			);
			runOnlyForDeploymentPostprocessing = 0;
		};
/* End PBXFrameworksBuildPhase section */

/* Begin PBXGroup section */
		530681D28A8A37BFCECF8DC4 /* Frameworks */ = {
			isa = PBXGroup;
			children = (
				DCEA17C1A399AC85EBF012F8 /* Pods_MyMemory.framework */,
			);
			name = Frameworks;
			sourceTree = "<group>";
		};
		B2FDBF288476F99F83ED1972 /* Pods */ = {
			isa = PBXGroup;
			children = (
				28044732827D652DC7E06256 /* Pods-MyMemory.debug.xcconfig */,
				D7B76E49B13A38047DBD2005 /* Pods-MyMemory.release.xcconfig */,
			);
			name = Pods;
			sourceTree = "<group>";
		};
		FC4A9C46203FCE670014F515 /* OpenSource */ = {
			isa = PBXGroup;
			children = (
				FC4A9C48203FCE800014F515 /* SWRevealViewController.h */,
				FC4A9C49203FCE800014F515 /* SWRevealViewController.m */,
				FC4A9C47203FCE7F0014F515 /* MyMemory-Bridging-Header.h */,
			);
			path = OpenSource;
			sourceTree = "<group>";
		};
		FC9B40E31FA5CE28004A613D = {
			isa = PBXGroup;
			children = (
				FC9B40EE1FA5CE28004A613D /* MyMemory */,
				FC9B40ED1FA5CE28004A613D /* Products */,
				B2FDBF288476F99F83ED1972 /* Pods */,
				530681D28A8A37BFCECF8DC4 /* Frameworks */,
			);
			sourceTree = "<group>";
		};
		FC9B40ED1FA5CE28004A613D /* Products */ = {
			isa = PBXGroup;
			children = (
				FC9B40EC1FA5CE28004A613D /* MyMemory.app */,
			);
			name = Products;
			sourceTree = "<group>";
		};
		FC9B40EE1FA5CE28004A613D /* MyMemory */ = {
			isa = PBXGroup;
			children = (
				FCF77381204E2A9800CF15A8 /* Tutorial */,
				FC4A9C46203FCE670014F515 /* OpenSource */,
				FCC866B01FA753A90093AB03 /* Resource */,
				FCC866AD1FA73AC10093AB03 /* Controller */,
				FCC866AB1FA73AB60093AB03 /* View */,
				FCC866AA1FA73AB40093AB03 /* Model */,
				FC9B40EF1FA5CE28004A613D /* AppDelegate.swift */,
				FC9B40F31FA5CE28004A613D /* Main.storyboard */,
				FCF7737B204D4DE500CF15A8 /* Tutorial.storyboard */,
				FC9B40F91FA5CE28004A613D /* Assets.xcassets */,
				FC9B40FB1FA5CE28004A613D /* LaunchScreen.storyboard */,
				FC9B40FE1FA5CE28004A613D /* Info.plist */,
				FC9B40F61FA5CE28004A613D /* MyMemory.xcdatamodeld */,
			);
			path = MyMemory;
			sourceTree = "<group>";
		};
		FCC866AA1FA73AB40093AB03 /* Model */ = {
			isa = PBXGroup;
			children = (
				FCC866A81FA73AAE0093AB03 /* MemoData.swift */,
				FCEC0B9F204D349C000DC226 /* UserInfoKey.swift */,
				FC213E0D20565CAB00D1946F /* MemoDAO.swift */,
				FCC84DE4205BA11300144E0F /* DataSync.swift */,
			);
			path = Model;
			sourceTree = "<group>";
		};
		FCC866AB1FA73AB60093AB03 /* View */ = {
			isa = PBXGroup;
			children = (
				FCC866A61FA73A320093AB03 /* MemoCell.swift */,
				FC4A9BE6203E866F0014F515 /* CSLogButton.swift */,
				FCF7737D204E296200CF15A8 /* Utils.swift */,
			);
			path = View;
			sourceTree = "<group>";
		};
		FCC866AD1FA73AC10093AB03 /* Controller */ = {
			isa = PBXGroup;
			children = (
				FCC866A01FA739A60093AB03 /* MemoListVC.swift */,
				FCC866A21FA739CF0093AB03 /* MemoFormVC.swift */,
				FCC866A41FA739DD0093AB03 /* MemoReadVC.swift */,
				FC4A9C5D203FD1FA0014F515 /* SideBarViewController.swift */,
				FC4A9C5F203FDA5B0014F515 /* ProfileVC.swift */,
				FC745DBA20579F2700741869 /* JoinVC.swift */,
			);
			path = Controller;
			sourceTree = "<group>";
		};
		FCC866B01FA753A90093AB03 /* Resource */ = {
			isa = PBXGroup;
			children = (
				FCC866B11FA753CF0093AB03 /* fountainpen@2x.png */,
				FC4A9C50203FCF270014F515 /* account@2x.jpg */,
				FC4A9C4B203FCF260014F515 /* icon01.png */,
				FC4A9C51203FCF270014F515 /* icon02.png */,
				FC4A9C4D203FCF260014F515 /* icon03.png */,
				FC4A9C52203FCF270014F515 /* icon04.png */,
				FC4A9C53203FCF270014F515 /* icon05.png */,
				FC4A9C4E203FCF260014F515 /* icon06.png */,
				FC4A9C4F203FCF260014F515 /* profile-bg.png */,
				FC4A9C4C203FCF260014F515 /* sidemenu.png */,
			);
			path = Resource;
			sourceTree = "<group>";
		};
		FCF77381204E2A9800CF15A8 /* Tutorial */ = {
			isa = PBXGroup;
			children = (
				FCF7737F204E2A6800CF15A8 /* TutorialContentsVC.swift */,
				FCF77382204E3A9E00CF15A8 /* TutorialMasterVC.swift */,
			);
			path = Tutorial;
			sourceTree = "<group>";
		};
/* End PBXGroup section */

/* Begin PBXNativeTarget section */
		FC9B40EB1FA5CE28004A613D /* MyMemory */ = {
			isa = PBXNativeTarget;
			buildConfigurationList = FC9B41011FA5CE28004A613D /* Build configuration list for PBXNativeTarget "MyMemory" */;
			buildPhases = (
				C0A74EFFDDADC22D17B37A74 /* [CP] Check Pods Manifest.lock */,
				FC9B40E81FA5CE28004A613D /* Sources */,
				FC9B40E91FA5CE28004A613D /* Frameworks */,
				FC9B40EA1FA5CE28004A613D /* Resources */,
				7A3318803E208AA6B7B91041 /* [CP] Embed Pods Frameworks */,
				C308D058A82E96B4D30863C8 /* [CP] Copy Pods Resources */,
			);
			buildRules = (
			);
			dependencies = (
			);
			name = MyMemory;
			productName = MyMemory;
			productReference = FC9B40EC1FA5CE28004A613D /* MyMemory.app */;
			productType = "com.apple.product-type.application";
		};
/* End PBXNativeTarget section */

/* Begin PBXProject section */
		FC9B40E41FA5CE28004A613D /* Project object */ = {
			isa = PBXProject;
			attributes = {
				LastSwiftUpdateCheck = 0900;
				LastUpgradeCheck = 0900;
				ORGANIZATIONNAME = "Samuel K";
				TargetAttributes = {
					FC9B40EB1FA5CE28004A613D = {
						CreatedOnToolsVersion = 9.0.1;
						LastSwiftMigration = 0920;
						ProvisioningStyle = Automatic;
					};
				};
			};
			buildConfigurationList = FC9B40E71FA5CE28004A613D /* Build configuration list for PBXProject "MyMemory" */;
			compatibilityVersion = "Xcode 8.0";
			developmentRegion = en;
			hasScannedForEncodings = 0;
			knownRegions = (
				en,
				Base,
			);
			mainGroup = FC9B40E31FA5CE28004A613D;
			productRefGroup = FC9B40ED1FA5CE28004A613D /* Products */;
			projectDirPath = "";
			projectRoot = "";
			targets = (
				FC9B40EB1FA5CE28004A613D /* MyMemory */,
			);
		};
/* End PBXProject section */

/* Begin PBXResourcesBuildPhase section */
		FC9B40EA1FA5CE28004A613D /* Resources */ = {
			isa = PBXResourcesBuildPhase;
			buildActionMask = 2147483647;
			files = (
				FC9B40FD1FA5CE28004A613D /* LaunchScreen.storyboard in Resources */,
				FC9B40FA1FA5CE28004A613D /* Assets.xcassets in Resources */,
				FC4A9C5B203FCF270014F515 /* icon04.png in Resources */,
				FC4A9C59203FCF270014F515 /* account@2x.jpg in Resources */,
				FC4A9C56203FCF270014F515 /* icon03.png in Resources */,
				FCC866B21FA753D00093AB03 /* fountainpen@2x.png in Resources */,
				FC4A9C58203FCF270014F515 /* profile-bg.png in Resources */,
				FC4A9C57203FCF270014F515 /* icon06.png in Resources */,
				FCF7737C204D4DE500CF15A8 /* Tutorial.storyboard in Resources */,
				FC4A9C5C203FCF270014F515 /* icon05.png in Resources */,
				FC4A9C5A203FCF270014F515 /* icon02.png in Resources */,
				FC4A9C55203FCF270014F515 /* sidemenu.png in Resources */,
				FC9B40F51FA5CE28004A613D /* Main.storyboard in Resources */,
				FC4A9C54203FCF270014F515 /* icon01.png in Resources */,
			);
			runOnlyForDeploymentPostprocessing = 0;
		};
/* End PBXResourcesBuildPhase section */

/* Begin PBXShellScriptBuildPhase section */
		7A3318803E208AA6B7B91041 /* [CP] Embed Pods Frameworks */ = {
			isa = PBXShellScriptBuildPhase;
			buildActionMask = 2147483647;
			files = (
			);
			inputPaths = (
				"${SRCROOT}/Pods/Target Support Files/Pods-MyMemory/Pods-MyMemory-frameworks.sh",
				"${BUILT_PRODUCTS_DIR}/Alamofire/Alamofire.framework",
			);
			name = "[CP] Embed Pods Frameworks";
			outputPaths = (
				"${TARGET_BUILD_DIR}/${FRAMEWORKS_FOLDER_PATH}/Alamofire.framework",
			);
			runOnlyForDeploymentPostprocessing = 0;
			shellPath = /bin/sh;
			shellScript = "\"${SRCROOT}/Pods/Target Support Files/Pods-MyMemory/Pods-MyMemory-frameworks.sh\"\n";
			showEnvVarsInLog = 0;
		};
		C0A74EFFDDADC22D17B37A74 /* [CP] Check Pods Manifest.lock */ = {
			isa = PBXShellScriptBuildPhase;
			buildActionMask = 2147483647;
			files = (
			);
			inputPaths = (
				"${PODS_PODFILE_DIR_PATH}/Podfile.lock",
				"${PODS_ROOT}/Manifest.lock",
			);
			name = "[CP] Check Pods Manifest.lock";
			outputPaths = (
				"$(DERIVED_FILE_DIR)/Pods-MyMemory-checkManifestLockResult.txt",
			);
			runOnlyForDeploymentPostprocessing = 0;
			shellPath = /bin/sh;
			shellScript = "diff \"${PODS_PODFILE_DIR_PATH}/Podfile.lock\" \"${PODS_ROOT}/Manifest.lock\" > /dev/null\nif [ $? != 0 ] ; then\n    # print error to STDERR\n    echo \"error: The sandbox is not in sync with the Podfile.lock. Run 'pod install' or update your CocoaPods installation.\" >&2\n    exit 1\nfi\n# This output is used by Xcode 'outputs' to avoid re-running this script phase.\necho \"SUCCESS\" > \"${SCRIPT_OUTPUT_FILE_0}\"\n";
			showEnvVarsInLog = 0;
		};
		C308D058A82E96B4D30863C8 /* [CP] Copy Pods Resources */ = {
			isa = PBXShellScriptBuildPhase;
			buildActionMask = 2147483647;
			files = (
			);
			inputPaths = (
			);
			name = "[CP] Copy Pods Resources";
			outputPaths = (
			);
			runOnlyForDeploymentPostprocessing = 0;
			shellPath = /bin/sh;
			shellScript = "\"${SRCROOT}/Pods/Target Support Files/Pods-MyMemory/Pods-MyMemory-resources.sh\"\n";
			showEnvVarsInLog = 0;
		};
/* End PBXShellScriptBuildPhase section */

/* Begin PBXSourcesBuildPhase section */
		FC9B40E81FA5CE28004A613D /* Sources */ = {
			isa = PBXSourcesBuildPhase;
			buildActionMask = 2147483647;
			files = (
				FC4A9BE7203E866F0014F515 /* CSLogButton.swift in Sources */,
				FCC866A11FA739A60093AB03 /* MemoListVC.swift in Sources */,
				FCC866A51FA739DD0093AB03 /* MemoReadVC.swift in Sources */,
				FC9B40F81FA5CE28004A613D /* MyMemory.xcdatamodeld in Sources */,
				FCEC0BA0204D349C000DC226 /* UserInfoKey.swift in Sources */,
				FC745DBB20579F2700741869 /* JoinVC.swift in Sources */,
				FCF7737E204E296200CF15A8 /* Utils.swift in Sources */,
				FCC866A91FA73AAE0093AB03 /* MemoData.swift in Sources */,
				FCC84DE5205BA11300144E0F /* DataSync.swift in Sources */,
				FC4A9C4A203FCE800014F515 /* SWRevealViewController.m in Sources */,
				FCF77380204E2A6800CF15A8 /* TutorialContentsVC.swift in Sources */,
				FCC866A31FA739CF0093AB03 /* MemoFormVC.swift in Sources */,
				FC213E0E20565CAB00D1946F /* MemoDAO.swift in Sources */,
				FC4A9C5E203FD1FA0014F515 /* SideBarViewController.swift in Sources */,
				FC9B40F01FA5CE28004A613D /* AppDelegate.swift in Sources */,
				FCF77383204E3A9E00CF15A8 /* TutorialMasterVC.swift in Sources */,
				FC4A9C60203FDA5B0014F515 /* ProfileVC.swift in Sources */,
				FCC866A71FA73A320093AB03 /* MemoCell.swift in Sources */,
			);
			runOnlyForDeploymentPostprocessing = 0;
		};
/* End PBXSourcesBuildPhase section */

/* Begin PBXVariantGroup section */
		FC9B40F31FA5CE28004A613D /* Main.storyboard */ = {
			isa = PBXVariantGroup;
			children = (
				FC9B40F41FA5CE28004A613D /* Base */,
			);
			name = Main.storyboard;
			sourceTree = "<group>";
		};
		FC9B40FB1FA5CE28004A613D /* LaunchScreen.storyboard */ = {
			isa = PBXVariantGroup;
			children = (
				FC9B40FC1FA5CE28004A613D /* Base */,
			);
			name = LaunchScreen.storyboard;
			sourceTree = "<group>";
		};
/* End PBXVariantGroup section */

/* Begin XCBuildConfiguration section */
		FC9B40FF1FA5CE28004A613D /* Debug */ = {
			isa = XCBuildConfiguration;
			buildSettings = {
				ALWAYS_SEARCH_USER_PATHS = NO;
				CLANG_ANALYZER_NONNULL = YES;
				CLANG_ANALYZER_NUMBER_OBJECT_CONVERSION = YES_AGGRESSIVE;
				CLANG_CXX_LANGUAGE_STANDARD = "gnu++14";
				CLANG_CXX_LIBRARY = "libc++";
				CLANG_ENABLE_MODULES = YES;
				CLANG_ENABLE_OBJC_ARC = YES;
				CLANG_WARN_BLOCK_CAPTURE_AUTORELEASING = YES;
				CLANG_WARN_BOOL_CONVERSION = YES;
				CLANG_WARN_COMMA = YES;
				CLANG_WARN_CONSTANT_CONVERSION = YES;
				CLANG_WARN_DIRECT_OBJC_ISA_USAGE = YES_ERROR;
				CLANG_WARN_DOCUMENTATION_COMMENTS = YES;
				CLANG_WARN_EMPTY_BODY = YES;
				CLANG_WARN_ENUM_CONVERSION = YES;
				CLANG_WARN_INFINITE_RECURSION = YES;
				CLANG_WARN_INT_CONVERSION = YES;
				CLANG_WARN_NON_LITERAL_NULL_CONVERSION = YES;
				CLANG_WARN_OBJC_LITERAL_CONVERSION = YES;
				CLANG_WARN_OBJC_ROOT_CLASS = YES_ERROR;
				CLANG_WARN_RANGE_LOOP_ANALYSIS = YES;
				CLANG_WARN_STRICT_PROTOTYPES = YES;
				CLANG_WARN_SUSPICIOUS_MOVE = YES;
				CLANG_WARN_UNGUARDED_AVAILABILITY = YES_AGGRESSIVE;
				CLANG_WARN_UNREACHABLE_CODE = YES;
				CLANG_WARN__DUPLICATE_METHOD_MATCH = YES;
				CODE_SIGN_IDENTITY = "iPhone Developer";
				COPY_PHASE_STRIP = NO;
				DEBUG_INFORMATION_FORMAT = dwarf;
				ENABLE_STRICT_OBJC_MSGSEND = YES;
				ENABLE_TESTABILITY = YES;
				GCC_C_LANGUAGE_STANDARD = gnu11;
				GCC_DYNAMIC_NO_PIC = NO;
				GCC_NO_COMMON_BLOCKS = YES;
				GCC_OPTIMIZATION_LEVEL = 0;
				GCC_PREPROCESSOR_DEFINITIONS = (
					"DEBUG=1",
					"$(inherited)",
				);
				GCC_WARN_64_TO_32_BIT_CONVERSION = YES;
				GCC_WARN_ABOUT_RETURN_TYPE = YES_ERROR;
				GCC_WARN_UNDECLARED_SELECTOR = YES;
				GCC_WARN_UNINITIALIZED_AUTOS = YES_AGGRESSIVE;
				GCC_WARN_UNUSED_FUNCTION = YES;
				GCC_WARN_UNUSED_VARIABLE = YES;
				IPHONEOS_DEPLOYMENT_TARGET = 11.0;
				MTL_ENABLE_DEBUG_INFO = YES;
				ONLY_ACTIVE_ARCH = YES;
				SDKROOT = iphoneos;
				SWIFT_ACTIVE_COMPILATION_CONDITIONS = DEBUG;
				SWIFT_OPTIMIZATION_LEVEL = "-Onone";
			};
			name = Debug;
		};
		FC9B41001FA5CE28004A613D /* Release */ = {
			isa = XCBuildConfiguration;
			buildSettings = {
				ALWAYS_SEARCH_USER_PATHS = NO;
				CLANG_ANALYZER_NONNULL = YES;
				CLANG_ANALYZER_NUMBER_OBJECT_CONVERSION = YES_AGGRESSIVE;
				CLANG_CXX_LANGUAGE_STANDARD = "gnu++14";
				CLANG_CXX_LIBRARY = "libc++";
				CLANG_ENABLE_MODULES = YES;
				CLANG_ENABLE_OBJC_ARC = YES;
				CLANG_WARN_BLOCK_CAPTURE_AUTORELEASING = YES;
				CLANG_WARN_BOOL_CONVERSION = YES;
				CLANG_WARN_COMMA = YES;
				CLANG_WARN_CONSTANT_CONVERSION = YES;
				CLANG_WARN_DIRECT_OBJC_ISA_USAGE = YES_ERROR;
				CLANG_WARN_DOCUMENTATION_COMMENTS = YES;
				CLANG_WARN_EMPTY_BODY = YES;
				CLANG_WARN_ENUM_CONVERSION = YES;
				CLANG_WARN_INFINITE_RECURSION = YES;
				CLANG_WARN_INT_CONVERSION = YES;
				CLANG_WARN_NON_LITERAL_NULL_CONVERSION = YES;
				CLANG_WARN_OBJC_LITERAL_CONVERSION = YES;
				CLANG_WARN_OBJC_ROOT_CLASS = YES_ERROR;
				CLANG_WARN_RANGE_LOOP_ANALYSIS = YES;
				CLANG_WARN_STRICT_PROTOTYPES = YES;
				CLANG_WARN_SUSPICIOUS_MOVE = YES;
				CLANG_WARN_UNGUARDED_AVAILABILITY = YES_AGGRESSIVE;
				CLANG_WARN_UNREACHABLE_CODE = YES;
				CLANG_WARN__DUPLICATE_METHOD_MATCH = YES;
				CODE_SIGN_IDENTITY = "iPhone Developer";
				COPY_PHASE_STRIP = NO;
				DEBUG_INFORMATION_FORMAT = "dwarf-with-dsym";
				ENABLE_NS_ASSERTIONS = NO;
				ENABLE_STRICT_OBJC_MSGSEND = YES;
				GCC_C_LANGUAGE_STANDARD = gnu11;
				GCC_NO_COMMON_BLOCKS = YES;
				GCC_WARN_64_TO_32_BIT_CONVERSION = YES;
				GCC_WARN_ABOUT_RETURN_TYPE = YES_ERROR;
				GCC_WARN_UNDECLARED_SELECTOR = YES;
				GCC_WARN_UNINITIALIZED_AUTOS = YES_AGGRESSIVE;
				GCC_WARN_UNUSED_FUNCTION = YES;
				GCC_WARN_UNUSED_VARIABLE = YES;
				IPHONEOS_DEPLOYMENT_TARGET = 11.0;
				MTL_ENABLE_DEBUG_INFO = NO;
				SDKROOT = iphoneos;
				SWIFT_OPTIMIZATION_LEVEL = "-Owholemodule";
				VALIDATE_PRODUCT = YES;
			};
			name = Release;
		};
		FC9B41021FA5CE28004A613D /* Debug */ = {
			isa = XCBuildConfiguration;
			baseConfigurationReference = 28044732827D652DC7E06256 /* Pods-MyMemory.debug.xcconfig */;
			buildSettings = {
				ASSETCATALOG_COMPILER_APPICON_NAME = ico;
				CLANG_ENABLE_MODULES = YES;
				CODE_SIGN_STYLE = Automatic;
				DEVELOPMENT_TEAM = 5RK46U626P;
				INFOPLIST_FILE = MyMemory/Info.plist;
				LD_RUNPATH_SEARCH_PATHS = "$(inherited) @executable_path/Frameworks";
				PRODUCT_BUNDLE_IDENTIFIER = com.SamuelK.MyMemory;
				PRODUCT_NAME = "$(TARGET_NAME)";
				SWIFT_OBJC_BRIDGING_HEADER = "MyMemory/OpenSource/MyMemory-Bridging-Header.h";
				SWIFT_OPTIMIZATION_LEVEL = "-Onone";
				SWIFT_VERSION = 4.0;
				TARGETED_DEVICE_FAMILY = "1,2";
			};
			name = Debug;
		};
		FC9B41031FA5CE28004A613D /* Release */ = {
			isa = XCBuildConfiguration;
			baseConfigurationReference = D7B76E49B13A38047DBD2005 /* Pods-MyMemory.release.xcconfig */;
			buildSettings = {
				ASSETCATALOG_COMPILER_APPICON_NAME = ico;
				CLANG_ENABLE_MODULES = YES;
				CODE_SIGN_STYLE = Automatic;
				DEVELOPMENT_TEAM = 5RK46U626P;
				INFOPLIST_FILE = MyMemory/Info.plist;
				LD_RUNPATH_SEARCH_PATHS = "$(inherited) @executable_path/Frameworks";
				PRODUCT_BUNDLE_IDENTIFIER = com.SamuelK.MyMemory;
				PRODUCT_NAME = "$(TARGET_NAME)";
				SWIFT_OBJC_BRIDGING_HEADER = "MyMemory/OpenSource/MyMemory-Bridging-Header.h";
				SWIFT_VERSION = 4.0;
				TARGETED_DEVICE_FAMILY = "1,2";
			};
			name = Release;
		};
/* End XCBuildConfiguration section */

/* Begin XCConfigurationList section */
		FC9B40E71FA5CE28004A613D /* Build configuration list for PBXProject "MyMemory" */ = {
			isa = XCConfigurationList;
			buildConfigurations = (
				FC9B40FF1FA5CE28004A613D /* Debug */,
				FC9B41001FA5CE28004A613D /* Release */,
			);
			defaultConfigurationIsVisible = 0;
			defaultConfigurationName = Release;
		};
		FC9B41011FA5CE28004A613D /* Build configuration list for PBXNativeTarget "MyMemory" */ = {
			isa = XCConfigurationList;
			buildConfigurations = (
				FC9B41021FA5CE28004A613D /* Debug */,
				FC9B41031FA5CE28004A613D /* Release */,
			);
			defaultConfigurationIsVisible = 0;
			defaultConfigurationName = Release;
		};
/* End XCConfigurationList section */

/* Begin XCVersionGroup section */
		FC9B40F61FA5CE28004A613D /* MyMemory.xcdatamodeld */ = {
			isa = XCVersionGroup;
			children = (
				FC9B40F71FA5CE28004A613D /* MyMemory.xcdatamodel */,
			);
			currentVersion = FC9B40F71FA5CE28004A613D /* MyMemory.xcdatamodel */;
			path = MyMemory.xcdatamodeld;
			sourceTree = "<group>";
			versionGroupType = wrapper.xcdatamodel;
		};
/* End XCVersionGroup section */
	};
	rootObject = FC9B40E41FA5CE28004A613D /* Project object */;
}
