// !$*UTF8*$!
{
	archiveVersion = 1;
	classes = {
	};
	objectVersion = 48;
	objects = {

/* Begin PBXBuildFile section */
		FC2E69181FB295F80048F3F1 /* AppDelegate.swift in Sources */ = {isa = PBXBuildFile; fileRef = FC2E69171FB295F80048F3F1 /* AppDelegate.swift */; };
		FC2E691A1FB295F80048F3F1 /* ViewController.swift in Sources */ = {isa = PBXBuildFile; fileRef = FC2E69191FB295F80048F3F1 /* ViewController.swift */; };
		FC2E691D1FB295F80048F3F1 /* Main.storyboard in Resources */ = {isa = PBXBuildFile; fileRef = FC2E691B1FB295F80048F3F1 /* Main.storyboard */; };
		FC2E691F1FB295F80048F3F1 /* Assets.xcassets in Resources */ = {isa = PBXBuildFile; fileRef = FC2E691E1FB295F80048F3F1 /* Assets.xcassets */; };
		FC2E69221FB295F80048F3F1 /* LaunchScreen.storyboard in Resources */ = {isa = PBXBuildFile; fileRef = FC2E69201FB295F80048F3F1 /* LaunchScreen.storyboard */; };
		FC2E692F1FB296BC0048F3F1 /* SamCalender.swift in Sources */ = {isa = PBXBuildFile; fileRef = FC2E692E1FB296BC0048F3F1 /* SamCalender.swift */; };
		FCD1CCE51FB2AAD400BCE8B9 /* SamCalenderDataCenter.swift in Sources */ = {isa = PBXBuildFile; fileRef = FCD1CCE41FB2AAD400BCE8B9 /* SamCalenderDataCenter.swift */; };
/* End PBXBuildFile section */

/* Begin PBXFileReference section */
		FC2E69141FB295F80048F3F1 /* (1108)CustomCalender.app */ = {isa = PBXFileReference; explicitFileType = wrapper.application; includeInIndex = 0; path = "(1108)CustomCalender.app"; sourceTree = BUILT_PRODUCTS_DIR; };
		FC2E69171FB295F80048F3F1 /* AppDelegate.swift */ = {isa = PBXFileReference; lastKnownFileType = sourcecode.swift; path = AppDelegate.swift; sourceTree = "<group>"; };
		FC2E69191FB295F80048F3F1 /* ViewController.swift */ = {isa = PBXFileReference; lastKnownFileType = sourcecode.swift; path = ViewController.swift; sourceTree = "<group>"; };
		FC2E691C1FB295F80048F3F1 /* Base */ = {isa = PBXFileReference; lastKnownFileType = file.storyboard; name = Base; path = Base.lproj/Main.storyboard; sourceTree = "<group>"; };
		FC2E691E1FB295F80048F3F1 /* Assets.xcassets */ = {isa = PBXFileReference; lastKnownFileType = folder.assetcatalog; path = Assets.xcassets; sourceTree = "<group>"; };
		FC2E69211FB295F80048F3F1 /* Base */ = {isa = PBXFileReference; lastKnownFileType = file.storyboard; name = Base; path = Base.lproj/LaunchScreen.storyboard; sourceTree = "<group>"; };
		FC2E69231FB295F80048F3F1 /* Info.plist */ = {isa = PBXFileReference; lastKnownFileType = text.plist.xml; path = Info.plist; sourceTree = "<group>"; };
		FC2E692E1FB296BC0048F3F1 /* SamCalender.swift */ = {isa = PBXFileReference; lastKnownFileType = sourcecode.swift; path = SamCalender.swift; sourceTree = "<group>"; };
		FCD1CCE41FB2AAD400BCE8B9 /* SamCalenderDataCenter.swift */ = {isa = PBXFileReference; lastKnownFileType = sourcecode.swift; path = SamCalenderDataCenter.swift; sourceTree = "<group>"; };
/* End PBXFileReference section */

/* Begin PBXFrameworksBuildPhase section */
		FC2E69111FB295F80048F3F1 /* Frameworks */ = {
			isa = PBXFrameworksBuildPhase;
			buildActionMask = 2147483647;
			files = (
			);
			runOnlyForDeploymentPostprocessing = 0;
		};
/* End PBXFrameworksBuildPhase section */

/* Begin PBXGroup section */
		FC2E690B1FB295F70048F3F1 = {
			isa = PBXGroup;
			children = (
				FC2E69161FB295F80048F3F1 /* (1108)CustomCalender */,
				FC2E69151FB295F80048F3F1 /* Products */,
			);
			sourceTree = "<group>";
		};
		FC2E69151FB295F80048F3F1 /* Products */ = {
			isa = PBXGroup;
			children = (
				FC2E69141FB295F80048F3F1 /* (1108)CustomCalender.app */,
			);
			name = Products;
			sourceTree = "<group>";
		};
		FC2E69161FB295F80048F3F1 /* (1108)CustomCalender */ = {
			isa = PBXGroup;
			children = (
				FC2E692D1FB296360048F3F1 /* Model */,
				FC2E692C1FB296350048F3F1 /* View */,
				FC2E69291FB2962D0048F3F1 /* Controll */,
				FC2E69171FB295F80048F3F1 /* AppDelegate.swift */,
				FC2E691B1FB295F80048F3F1 /* Main.storyboard */,
				FC2E691E1FB295F80048F3F1 /* Assets.xcassets */,
				FC2E69201FB295F80048F3F1 /* LaunchScreen.storyboard */,
				FC2E69231FB295F80048F3F1 /* Info.plist */,
			);
			path = "(1108)CustomCalender";
			sourceTree = "<group>";
		};
		FC2E69291FB2962D0048F3F1 /* Controll */ = {
			isa = PBXGroup;
			children = (
			);
			path = Controll;
			sourceTree = "<group>";
		};
		FC2E692C1FB296350048F3F1 /* View */ = {
			isa = PBXGroup;
			children = (
				FC2E69191FB295F80048F3F1 /* ViewController.swift */,
				FC2E692E1FB296BC0048F3F1 /* SamCalender.swift */,
			);
			path = View;
			sourceTree = "<group>";
		};
		FC2E692D1FB296360048F3F1 /* Model */ = {
			isa = PBXGroup;
			children = (
				FCD1CCE41FB2AAD400BCE8B9 /* SamCalenderDataCenter.swift */,
			);
			path = Model;
			sourceTree = "<group>";
		};
/* End PBXGroup section */

/* Begin PBXNativeTarget section */
		FC2E69131FB295F80048F3F1 /* (1108)CustomCalender */ = {
			isa = PBXNativeTarget;
			buildConfigurationList = FC2E69261FB295F80048F3F1 /* Build configuration list for PBXNativeTarget "(1108)CustomCalender" */;
			buildPhases = (
				FC2E69101FB295F80048F3F1 /* Sources */,
				FC2E69111FB295F80048F3F1 /* Frameworks */,
				FC2E69121FB295F80048F3F1 /* Resources */,
			);
			buildRules = (
			);
			dependencies = (
			);
			name = "(1108)CustomCalender";
			productName = "(1108)CustomCalender";
			productReference = FC2E69141FB295F80048F3F1 /* (1108)CustomCalender.app */;
			productType = "com.apple.product-type.application";
		};
/* End PBXNativeTarget section */

/* Begin PBXProject section */
		FC2E690C1FB295F80048F3F1 /* Project object */ = {
			isa = PBXProject;
			attributes = {
				LastSwiftUpdateCheck = 0910;
				LastUpgradeCheck = 0910;
				ORGANIZATIONNAME = "Samuel K";
				TargetAttributes = {
					FC2E69131FB295F80048F3F1 = {
						CreatedOnToolsVersion = 9.1;
						ProvisioningStyle = Automatic;
					};
				};
			};
			buildConfigurationList = FC2E690F1FB295F80048F3F1 /* Build configuration list for PBXProject "(1108)CustomCalender" */;
			compatibilityVersion = "Xcode 8.0";
			developmentRegion = en;
			hasScannedForEncodings = 0;
			knownRegions = (
				en,
				Base,
			);
			mainGroup = FC2E690B1FB295F70048F3F1;
			productRefGroup = FC2E69151FB295F80048F3F1 /* Products */;
			projectDirPath = "";
			projectRoot = "";
			targets = (
				FC2E69131FB295F80048F3F1 /* (1108)CustomCalender */,
			);
		};
/* End PBXProject section */

/* Begin PBXResourcesBuildPhase section */
		FC2E69121FB295F80048F3F1 /* Resources */ = {
			isa = PBXResourcesBuildPhase;
			buildActionMask = 2147483647;
			files = (
				FC2E69221FB295F80048F3F1 /* LaunchScreen.storyboard in Resources */,
				FC2E691F1FB295F80048F3F1 /* Assets.xcassets in Resources */,
				FC2E691D1FB295F80048F3F1 /* Main.storyboard in Resources */,
			);
			runOnlyForDeploymentPostprocessing = 0;
		};
/* End PBXResourcesBuildPhase section */

/* Begin PBXSourcesBuildPhase section */
		FC2E69101FB295F80048F3F1 /* Sources */ = {
			isa = PBXSourcesBuildPhase;
			buildActionMask = 2147483647;
			files = (
				FCD1CCE51FB2AAD400BCE8B9 /* SamCalenderDataCenter.swift in Sources */,
				FC2E691A1FB295F80048F3F1 /* ViewController.swift in Sources */,
				FC2E69181FB295F80048F3F1 /* AppDelegate.swift in Sources */,
				FC2E692F1FB296BC0048F3F1 /* SamCalender.swift in Sources */,
			);
			runOnlyForDeploymentPostprocessing = 0;
		};
/* End PBXSourcesBuildPhase section */

/* Begin PBXVariantGroup section */
		FC2E691B1FB295F80048F3F1 /* Main.storyboard */ = {
			isa = PBXVariantGroup;
			children = (
				FC2E691C1FB295F80048F3F1 /* Base */,
			);
			name = Main.storyboard;
			sourceTree = "<group>";
		};
		FC2E69201FB295F80048F3F1 /* LaunchScreen.storyboard */ = {
			isa = PBXVariantGroup;
			children = (
				FC2E69211FB295F80048F3F1 /* Base */,
			);
			name = LaunchScreen.storyboard;
			sourceTree = "<group>";
		};
/* End PBXVariantGroup section */

/* Begin XCBuildConfiguration section */
		FC2E69241FB295F80048F3F1 /* Debug */ = {
			isa = XCBuildConfiguration;
			buildSettings = {
				ALWAYS_SEARCH_USER_PATHS = NO;
				CLANG_ANALYZER_NONNULL = YES;
				CLANG_ANALYZER_NUMBER_OBJECT_CONVERSION = YES_AGGRESSIVE;
				CLANG_CXX_LANGUAGE_STANDARD = "gnu++14";
				CLANG_CXX_LIBRARY = "libc++";
				CLANG_ENABLE_MODULES = YES;
				CLANG_ENABLE_OBJC_ARC = YES;
				CLANG_WARN_BLOCK_CAPTURE_AUTORELEASING = YES;
				CLANG_WARN_BOOL_CONVERSION = YES;
				CLANG_WARN_COMMA = YES;
				CLANG_WARN_CONSTANT_CONVERSION = YES;
				CLANG_WARN_DIRECT_OBJC_ISA_USAGE = YES_ERROR;
				CLANG_WARN_DOCUMENTATION_COMMENTS = YES;
				CLANG_WARN_EMPTY_BODY = YES;
				CLANG_WARN_ENUM_CONVERSION = YES;
				CLANG_WARN_INFINITE_RECURSION = YES;
				CLANG_WARN_INT_CONVERSION = YES;
				CLANG_WARN_NON_LITERAL_NULL_CONVERSION = YES;
				CLANG_WARN_OBJC_LITERAL_CONVERSION = YES;
				CLANG_WARN_OBJC_ROOT_CLASS = YES_ERROR;
				CLANG_WARN_RANGE_LOOP_ANALYSIS = YES;
				CLANG_WARN_STRICT_PROTOTYPES = YES;
				CLANG_WARN_SUSPICIOUS_MOVE = YES;
				CLANG_WARN_UNGUARDED_AVAILABILITY = YES_AGGRESSIVE;
				CLANG_WARN_UNREACHABLE_CODE = YES;
				CLANG_WARN__DUPLICATE_METHOD_MATCH = YES;
				CODE_SIGN_IDENTITY = "iPhone Developer";
				COPY_PHASE_STRIP = NO;
				DEBUG_INFORMATION_FORMAT = dwarf;
				ENABLE_STRICT_OBJC_MSGSEND = YES;
				ENABLE_TESTABILITY = YES;
				GCC_C_LANGUAGE_STANDARD = gnu11;
				GCC_DYNAMIC_NO_PIC = NO;
				GCC_NO_COMMON_BLOCKS = YES;
				GCC_OPTIMIZATION_LEVEL = 0;
				GCC_PREPROCESSOR_DEFINITIONS = (
					"DEBUG=1",
					"$(inherited)",
				);
				GCC_WARN_64_TO_32_BIT_CONVERSION = YES;
				GCC_WARN_ABOUT_RETURN_TYPE = YES_ERROR;
				GCC_WARN_UNDECLARED_SELECTOR = YES;
				GCC_WARN_UNINITIALIZED_AUTOS = YES_AGGRESSIVE;
				GCC_WARN_UNUSED_FUNCTION = YES;
				GCC_WARN_UNUSED_VARIABLE = YES;
				IPHONEOS_DEPLOYMENT_TARGET = 11.1;
				MTL_ENABLE_DEBUG_INFO = YES;
				ONLY_ACTIVE_ARCH = YES;
				SDKROOT = iphoneos;
				SWIFT_ACTIVE_COMPILATION_CONDITIONS = DEBUG;
				SWIFT_OPTIMIZATION_LEVEL = "-Onone";
			};
			name = Debug;
		};
		FC2E69251FB295F80048F3F1 /* Release */ = {
			isa = XCBuildConfiguration;
			buildSettings = {
				ALWAYS_SEARCH_USER_PATHS = NO;
				CLANG_ANALYZER_NONNULL = YES;
				CLANG_ANALYZER_NUMBER_OBJECT_CONVERSION = YES_AGGRESSIVE;
				CLANG_CXX_LANGUAGE_STANDARD = "gnu++14";
				CLANG_CXX_LIBRARY = "libc++";
				CLANG_ENABLE_MODULES = YES;
				CLANG_ENABLE_OBJC_ARC = YES;
				CLANG_WARN_BLOCK_CAPTURE_AUTORELEASING = YES;
				CLANG_WARN_BOOL_CONVERSION = YES;
				CLANG_WARN_COMMA = YES;
				CLANG_WARN_CONSTANT_CONVERSION = YES;
				CLANG_WARN_DIRECT_OBJC_ISA_USAGE = YES_ERROR;
				CLANG_WARN_DOCUMENTATION_COMMENTS = YES;
				CLANG_WARN_EMPTY_BODY = YES;
				CLANG_WARN_ENUM_CONVERSION = YES;
				CLANG_WARN_INFINITE_RECURSION = YES;
				CLANG_WARN_INT_CONVERSION = YES;
				CLANG_WARN_NON_LITERAL_NULL_CONVERSION = YES;
				CLANG_WARN_OBJC_LITERAL_CONVERSION = YES;
				CLANG_WARN_OBJC_ROOT_CLASS = YES_ERROR;
				CLANG_WARN_RANGE_LOOP_ANALYSIS = YES;
				CLANG_WARN_STRICT_PROTOTYPES = YES;
				CLANG_WARN_SUSPICIOUS_MOVE = YES;
				CLANG_WARN_UNGUARDED_AVAILABILITY = YES_AGGRESSIVE;
				CLANG_WARN_UNREACHABLE_CODE = YES;
				CLANG_WARN__DUPLICATE_METHOD_MATCH = YES;
				CODE_SIGN_IDENTITY = "iPhone Developer";
				COPY_PHASE_STRIP = NO;
				DEBUG_INFORMATION_FORMAT = "dwarf-with-dsym";
				ENABLE_NS_ASSERTIONS = NO;
				ENABLE_STRICT_OBJC_MSGSEND = YES;
				GCC_C_LANGUAGE_STANDARD = gnu11;
				GCC_NO_COMMON_BLOCKS = YES;
				GCC_WARN_64_TO_32_BIT_CONVERSION = YES;
				GCC_WARN_ABOUT_RETURN_TYPE = YES_ERROR;
				GCC_WARN_UNDECLARED_SELECTOR = YES;
				GCC_WARN_UNINITIALIZED_AUTOS = YES_AGGRESSIVE;
				GCC_WARN_UNUSED_FUNCTION = YES;
				GCC_WARN_UNUSED_VARIABLE = YES;
				IPHONEOS_DEPLOYMENT_TARGET = 11.1;
				MTL_ENABLE_DEBUG_INFO = NO;
				SDKROOT = iphoneos;
				SWIFT_OPTIMIZATION_LEVEL = "-Owholemodule";
				VALIDATE_PRODUCT = YES;
			};
			name = Release;
		};
		FC2E69271FB295F80048F3F1 /* Debug */ = {
			isa = XCBuildConfiguration;
			buildSettings = {
				ASSETCATALOG_COMPILER_APPICON_NAME = AppIcon;
				CODE_SIGN_STYLE = Automatic;
				DEVELOPMENT_TEAM = G4MM77V7NH;
				INFOPLIST_FILE = "(1108)CustomCalender/Info.plist";
				LD_RUNPATH_SEARCH_PATHS = "$(inherited) @executable_path/Frameworks";
				PRODUCT_BUNDLE_IDENTIFIER = "com.SamuelK.-1108-CustomCalender";
				PRODUCT_NAME = "$(TARGET_NAME)";
				SWIFT_VERSION = 4.0;
				TARGETED_DEVICE_FAMILY = "1,2";
			};
			name = Debug;
		};
		FC2E69281FB295F80048F3F1 /* Release */ = {
			isa = XCBuildConfiguration;
			buildSettings = {
				ASSETCATALOG_COMPILER_APPICON_NAME = AppIcon;
				CODE_SIGN_STYLE = Automatic;
				DEVELOPMENT_TEAM = G4MM77V7NH;
				INFOPLIST_FILE = "(1108)CustomCalender/Info.plist";
				LD_RUNPATH_SEARCH_PATHS = "$(inherited) @executable_path/Frameworks";
				PRODUCT_BUNDLE_IDENTIFIER = "com.SamuelK.-1108-CustomCalender";
				PRODUCT_NAME = "$(TARGET_NAME)";
				SWIFT_VERSION = 4.0;
				TARGETED_DEVICE_FAMILY = "1,2";
			};
			name = Release;
		};
/* End XCBuildConfiguration section */

/* Begin XCConfigurationList section */
		FC2E690F1FB295F80048F3F1 /* Build configuration list for PBXProject "(1108)CustomCalender" */ = {
			isa = XCConfigurationList;
			buildConfigurations = (
				FC2E69241FB295F80048F3F1 /* Debug */,
				FC2E69251FB295F80048F3F1 /* Release */,
			);
			defaultConfigurationIsVisible = 0;
			defaultConfigurationName = Release;
		};
		FC2E69261FB295F80048F3F1 /* Build configuration list for PBXNativeTarget "(1108)CustomCalender" */ = {
			isa = XCConfigurationList;
			buildConfigurations = (
				FC2E69271FB295F80048F3F1 /* Debug */,
				FC2E69281FB295F80048F3F1 /* Release */,
			);
			defaultConfigurationIsVisible = 0;
			defaultConfigurationName = Release;
		};
/* End XCConfigurationList section */
	};
	rootObject = FC2E690C1FB295F80048F3F1 /* Project object */;
}
